github.com/flosch/pongo2 v0.0.0-20200913210552-0d938eb266f3 h1:fmFk0Wt3bBxxwZnu48jqMdaOR/IZ4vdtJFuaFV8MpIE=
github.com/flosch/pongo2 v0.0.0-20200913210552-0d938eb266f3/go.mod h1:bJWSKrZyQvfTnb2OudyUjurSG4/edverV7n82+K3JiM=
github.com/go-sql-driver/mysql v1.7.1 h1:lUIinVbN1DY0xBg0eMOzmmtGoHwWBbvnWubQUrtU8EI=
github.com/go-sql-driver/mysql v1.7.1/go.mod h1:OXbVy3sEdcQ2Doequ6Z5BW6fXNQTmx+9S1MCJN5yJMI=
github.com/golang/protobuf v1.5.0/go.mod h1:FsONVRAS9T7sI+LIUmWTfcYkHO4aIWwzhcaSAoJOfIk=
github.com/golang/protobuf v1.5.3 h1:KhyjKVUg7Usr/dYsdSqoFveMYd5ko72D+zANwlG1mmg=
github.com/golang/protobuf v1.5.3/go.mod h1:XVQd3VNwM+JqD3oG2Ue2ip4fOMUkwXdXDdiuN0vRsmY=
github.com/google/go-cmp v0.5.5/go.mod h1:v8dTdLbMG2kIc/vJvl+f65V22dbkXbowE6jgT/gNBxE=
github.com/google/go-cmp v0.6.0 h1:ofyhxvXcZhMsU5ulbFiLKl/XBFqE1GSq7atu8tAmTRI=
github.com/google/go-cmp v0.6.0/go.mod h1:17dUlkBOakJ0+DkrSSNjCkIjxS6bF9zb3elmeNGIjoY=
github.com/gorilla/websocket v1.5.0 h1:PPwGk2jz7EePpoHN/+ClbZu8SPxiqlu12wZP/3sWmnc=
github.com/gorilla/websocket v1.5.0/go.mod h1:YR8l580nyteQvAITg2hZ9XVh4b55+EU/adAjf1fMHhE=
github.com/kr/pty v1.1.1/go.mod h1:pFQYn66WHrOpPYNljwOMqo10TkYh1fy3cYio2l3bCsQ=
github.com/kr/text v0.1.0 h1:45sCR5RtlFHMR4UwH9sdQ5TC8v0qDQCHnXt+kaKSTVE=
github.com/kr/text v0.1.0/go.mod h1:4Jbv+DJW3UT/LiOwJeYQe1efqtUx/iVham/4vfdArNI=
github.com/niemeyer/pretty v0.0.0-20200227124842-a10e7caefd8e h1:fD57ERR4JtEqsWbfPhv4DMiApHyliiK5xCTNVSPiaAs=
github.com/niemeyer/pretty v0.0.0-20200227124842-a10e7caefd8e/go.mod h1:zD1mROLANZcx1PVRCS0qkT7pwLkGfwJo4zjcN/Tysno=
github.com/uwine4850/foozy v0.3.0 h1:hBLhFm0xouCui6xhXNLu3wXDTaX2yjZ0jH3IxIRKwDo=
github.com/uwine4850/foozy v0.3.0/go.mod h1:ZOJmDY32a3iSi6B7lm520/f+Zw4p8RJYVi9dSuzhUOA=
github.com/uwine4850/foozy v0.3.1 h1:EKcbeEFOKovfIoSCf4h8spvSdC6zFnDiry8YEGJq+z4=
github.com/uwine4850/foozy v0.3.1/go.mod h1:ZOJmDY32a3iSi6B7lm520/f+Zw4p8RJYVi9dSuzhUOA=
github.com/uwine4850/foozy v0.3.2-0.20240709083610-f1016337f119 h1:sZAba8XPr2zi+Dr4dzF3xHk9rkhQhzqQ5Ju9FMKkp3I=
github.com/uwine4850/foozy v0.3.2-0.20240709083610-f1016337f119/go.mod h1:ZOJmDY32a3iSi6B7lm520/f+Zw4p8RJYVi9dSuzhUOA=
github.com/uwine4850/foozy v0.3.2-0.20240710150721-0847d58545a2 h1:ZhB0mWVrDzxtcd0zBD7dO3/D5Wvx4heUR2TLBGAfn0I=
github.com/uwine4850/foozy v0.3.2-0.20240710150721-0847d58545a2/go.mod h1:ZOJmDY32a3iSi6B7lm520/f+Zw4p8RJYVi9dSuzhUOA=
github.com/uwine4850/foozy v0.3.2-0.20240712083648-f69b5afa5cab h1:CEkP1l9VuHhMk251OwNyiXeqmt35Aoti3vXIx0L2QnI=
github.com/uwine4850/foozy v0.3.2-0.20240712083648-f69b5afa5cab/go.mod h1:ZOJmDY32a3iSi6B7lm520/f+Zw4p8RJYVi9dSuzhUOA=
github.com/uwine4850/foozy v0.3.2-0.20240715095246-2902fb62c4fe h1:vc8XQbbIevYYr00xvX4EmIxJwKLaxGEizeG/uYbLufw=
github.com/uwine4850/foozy v0.3.2-0.20240715095246-2902fb62c4fe/go.mod h1:ZOJmDY32a3iSi6B7lm520/f+Zw4p8RJYVi9dSuzhUOA=
github.com/uwine4850/foozy v0.3.2-0.20240717135606-cb56d1675d7e h1:w2pWLl2PAnAE+PISNQklMhOjrNVqBiX9XWuI8fpfwdU=
github.com/uwine4850/foozy v0.3.2-0.20240717135606-cb56d1675d7e/go.mod h1:ZOJmDY32a3iSi6B7lm520/f+Zw4p8RJYVi9dSuzhUOA=
github.com/uwine4850/foozy v0.3.2-0.20240718112746-0b9c5d470d36 h1:PVYj7wZTiYXlxzJARDpnZEm6RlOn0Cd9L3yUjqtFQuY=
github.com/uwine4850/foozy v0.3.2-0.20240718112746-0b9c5d470d36/go.mod h1:ZOJmDY32a3iSi6B7lm520/f+Zw4p8RJYVi9dSuzhUOA=
github.com/uwine4850/foozy v0.3.2-0.20240722131842-69f02a9db82f h1:FjZ8wSq9nRe/+ohr72l4hZsZ4qvYi90ERvCA0JARaxo=
github.com/uwine4850/foozy v0.3.2-0.20240722131842-69f02a9db82f/go.mod h1:ZOJmDY32a3iSi6B7lm520/f+Zw4p8RJYVi9dSuzhUOA=
golang.org/x/crypto v0.18.0 h1:PGVlW0xEltQnzFZ55hkuX5+KLyrMYhHld1YHO4AKcdc=
golang.org/x/crypto v0.18.0/go.mod h1:R0j02AL6hcrfOiy9T4ZYp/rcWeMxM3L6QYxlOuEG1mg=
golang.org/x/net v0.20.0 h1:aCL9BSgETF1k+blQaYUBx9hJ9LOGP3gAVemcZlf1Kpo=
golang.org/x/net v0.20.0/go.mod h1:z8BVo6PvndSri0LbOE3hAn0apkU+1YvI6E70E9jsnvY=
golang.org/x/sys v0.16.0 h1:xWw16ngr6ZMtmxDyKyIgsE93KNKz5HKmMa3b8ALHidU=
golang.org/x/sys v0.16.0/go.mod h1:/VUhepiaJMQUp4+oa/7Zr1D23ma6VTLIYjOOTFZPUcA=
golang.org/x/text v0.14.0 h1:ScX5w1eTa3QqT8oi6+ziP7dTV1S2+ALU0bI+0zXKWiQ=
golang.org/x/text v0.14.0/go.mod h1:18ZOQIKpY8NJVqYksKHtTdi31H5itFRjB5/qKTNYzSU=
golang.org/x/xerrors v0.0.0-20191204190536-9bdfabe68543/go.mod h1:I/5z698sn9Ka8TeJc9MKroUUfqBBauWjQqLJ2OPfmY0=
google.golang.org/genproto/googleapis/rpc v0.0.0-20240213162025-012b6fc9bca9 h1:hZB7eLIaYlW9qXRfCq/qDaPdbeY3757uARz5Vvfv+cY=
google.golang.org/genproto/googleapis/rpc v0.0.0-20240213162025-012b6fc9bca9/go.mod h1:YUWgXUFRPfoYK1IHMuxH5K6nPEXSCzIMljnQ59lLRCk=
google.golang.org/grpc v1.62.0 h1:HQKZ/fa1bXkX1oFOvSjmZEUL8wLSaZTjCcLAlmZRtdk=
google.golang.org/grpc v1.62.0/go.mod h1:IWTG0VlJLCh1SkC58F7np9ka9mx/WNkjl4PGJaiq+QE=
google.golang.org/protobuf v1.26.0-rc.1/go.mod h1:jlhhOSvTdKEhbULTjvd4ARK9grFBp09yW+WbY/TyQbw=
google.golang.org/protobuf v1.26.0/go.mod h1:9q0QmTI4eRPtz6boOQmLYwt+qCgq0jsYwAQnmE0givc=
google.golang.org/protobuf v1.32.0 h1:pPC6BG5ex8PDFnkbrGU3EixyhKcQ2aDuBS36lqK/C7I=
google.golang.org/protobuf v1.32.0/go.mod h1:c6P6GXX6sHbq/GpV6MGZEdwhWPcYBgnhAHhKbcUYpos=
gopkg.in/check.v1 v1.0.0-20200902074654-038fdea0a05b h1:QRR6H1YWRnHb4Y/HeNFCTJLFVxaq6wH4YuVdsUOr75U=
gopkg.in/check.v1 v1.0.0-20200902074654-038fdea0a05b/go.mod h1:Co6ibVJAznAaIkqp8huTwlJQCZ016jof/cbN4VW5Yz0=
